
Microsoft Visual Studio Solution File, Format Version 12.00
# Visual Studio Version 17
VisualStudioVersion = 17.10.35027.167
MinimumVisualStudioVersion = 10.0.40219.1
Project("{FAE04EC0-301F-11D3-BF4B-00C04F79EFBC}") = "WebApplication1", "WebApplication1\WebApplication1.csproj", "{FA1A2FA7-AF8D-4B40-BE69-A3D08A836F84}"
EndProject
Global
	GlobalSection(SolutionConfigurationPlatforms) = preSolution
		Debug|Any CPU = Debug|Any CPU
		Release|Any CPU = Release|Any CPU
	EndGlobalSection
	GlobalSection(ProjectConfigurationPlatforms) = postSolution
		{FA1A2FA7-AF8D-4B40-BE69-A3D08A836F84}.Debug|Any CPU.ActiveCfg = Debug|Any CPU
		{FA1A2FA7-AF8D-4B40-BE69-A3D08A836F84}.Debug|Any CPU.Build.0 = Debug|Any CPU
		{FA1A2FA7-AF8D-4B40-BE69-A3D08A836F84}.Release|Any CPU.ActiveCfg = Release|Any CPU
		{FA1A2FA7-AF8D-4B40-BE69-A3D08A836F84}.Release|Any CPU.Build.0 = Release|Any CPU
	EndGlobalSection
	GlobalSection(SolutionProperties) = preSolution
		HideSolutionNode = FALSE
	EndGlobalSection
	GlobalSection(ExtensibilityGlobals) = postSolution
		SolutionGuid = {A7A6928D-2DB7-4234-B239-B980023ABEE5}
	EndGlobalSection
EndGlobal
